
Microsoft Visual Studio Solution File, Format Version 12.00
# Visual Studio Version 17
VisualStudioVersion = 17.11.35303.130
MinimumVisualStudioVersion = 10.0.40219.1
Project("{FAE04EC0-301F-11D3-BF4B-00C04F79EFBC}") = "ExamenTema7", "ExamenTema7\ExamenTema7.csproj", "{7FF3CE6E-9C43-4FD3-AB6E-FE48D724A901}"
EndProject
Global
	GlobalSection(SolutionConfigurationPlatforms) = preSolution
		Debug|Any CPU = Debug|Any CPU
		Release|Any CPU = Release|Any CPU
	EndGlobalSection
	GlobalSection(ProjectConfigurationPlatforms) = postSolution
		{7FF3CE6E-9C43-4FD3-AB6E-FE48D724A901}.Debug|Any CPU.ActiveCfg = Debug|Any CPU
		{7FF3CE6E-9C43-4FD3-AB6E-FE48D724A901}.Debug|Any CPU.Build.0 = Debug|Any CPU
		{7FF3CE6E-9C43-4FD3-AB6E-FE48D724A901}.Release|Any CPU.ActiveCfg = Release|Any CPU
		{7FF3CE6E-9C43-4FD3-AB6E-FE48D724A901}.Release|Any CPU.Build.0 = Release|Any CPU
	EndGlobalSection
	GlobalSection(SolutionProperties) = preSolution
		HideSolutionNode = FALSE
	EndGlobalSection
	GlobalSection(ExtensibilityGlobals) = postSolution
		SolutionGuid = {7E6CB2BE-B6A0-41DF-8292-1C1D2F1B9EEA}
	EndGlobalSection
EndGlobal
