
Microsoft Visual Studio Solution File, Format Version 12.00
# Visual Studio Version 17
VisualStudioVersion = 17.10.35122.118
MinimumVisualStudioVersion = 10.0.40219.1
Project("{FAE04EC0-301F-11D3-BF4B-00C04F79EFBC}") = "ProyectoLibros", "ProyectoLibros.csproj", "{6B19279D-6919-47AE-963A-E9F56FCC5AC4}"
EndProject
Global
	GlobalSection(SolutionConfigurationPlatforms) = preSolution
		Debug|Any CPU = Debug|Any CPU
		Release|Any CPU = Release|Any CPU
	EndGlobalSection
	GlobalSection(ProjectConfigurationPlatforms) = postSolution
		{6B19279D-6919-47AE-963A-E9F56FCC5AC4}.Debug|Any CPU.ActiveCfg = Debug|Any CPU
		{6B19279D-6919-47AE-963A-E9F56FCC5AC4}.Debug|Any CPU.Build.0 = Debug|Any CPU
		{6B19279D-6919-47AE-963A-E9F56FCC5AC4}.Release|Any CPU.ActiveCfg = Release|Any CPU
		{6B19279D-6919-47AE-963A-E9F56FCC5AC4}.Release|Any CPU.Build.0 = Release|Any CPU
	EndGlobalSection
	GlobalSection(SolutionProperties) = preSolution
		HideSolutionNode = FALSE
	EndGlobalSection
	GlobalSection(ExtensibilityGlobals) = postSolution
		SolutionGuid = {EBB62246-9C12-4364-9AAB-B0D7E15E67DC}
	EndGlobalSection
EndGlobal
