
Microsoft Visual Studio Solution File, Format Version 12.00
# Visual Studio Version 17
VisualStudioVersion = 17.10.35122.118
MinimumVisualStudioVersion = 10.0.40219.1
Project("{FAE04EC0-301F-11D3-BF4B-00C04F79EFBC}") = "ProyectoFileCatter", "ProyectoFileCatter.csproj", "{B94A5A02-9029-4113-ADD0-AADED0A38A2D}"
EndProject
Global
	GlobalSection(SolutionConfigurationPlatforms) = preSolution
		Debug|Any CPU = Debug|Any CPU
		Release|Any CPU = Release|Any CPU
	EndGlobalSection
	GlobalSection(ProjectConfigurationPlatforms) = postSolution
		{B94A5A02-9029-4113-ADD0-AADED0A38A2D}.Debug|Any CPU.ActiveCfg = Debug|Any CPU
		{B94A5A02-9029-4113-ADD0-AADED0A38A2D}.Debug|Any CPU.Build.0 = Debug|Any CPU
		{B94A5A02-9029-4113-ADD0-AADED0A38A2D}.Release|Any CPU.ActiveCfg = Release|Any CPU
		{B94A5A02-9029-4113-ADD0-AADED0A38A2D}.Release|Any CPU.Build.0 = Release|Any CPU
	EndGlobalSection
	GlobalSection(SolutionProperties) = preSolution
		HideSolutionNode = FALSE
	EndGlobalSection
	GlobalSection(ExtensibilityGlobals) = postSolution
		SolutionGuid = {249C0047-8CE1-4118-8B38-7E680C92DF49}
	EndGlobalSection
EndGlobal
