
Microsoft Visual Studio Solution File, Format Version 12.00
# Visual Studio Version 17
VisualStudioVersion = 17.10.35122.118
MinimumVisualStudioVersion = 10.0.40219.1
Project("{FAE04EC0-301F-11D3-BF4B-00C04F79EFBC}") = "ProyectoCoches", "ProyectoCoches.csproj", "{CA89DE8A-6F7E-4123-A887-852DC08A28EA}"
EndProject
Global
	GlobalSection(SolutionConfigurationPlatforms) = preSolution
		Debug|Any CPU = Debug|Any CPU
		Release|Any CPU = Release|Any CPU
	EndGlobalSection
	GlobalSection(ProjectConfigurationPlatforms) = postSolution
		{CA89DE8A-6F7E-4123-A887-852DC08A28EA}.Debug|Any CPU.ActiveCfg = Debug|Any CPU
		{CA89DE8A-6F7E-4123-A887-852DC08A28EA}.Debug|Any CPU.Build.0 = Debug|Any CPU
		{CA89DE8A-6F7E-4123-A887-852DC08A28EA}.Release|Any CPU.ActiveCfg = Release|Any CPU
		{CA89DE8A-6F7E-4123-A887-852DC08A28EA}.Release|Any CPU.Build.0 = Release|Any CPU
	EndGlobalSection
	GlobalSection(SolutionProperties) = preSolution
		HideSolutionNode = FALSE
	EndGlobalSection
	GlobalSection(ExtensibilityGlobals) = postSolution
		SolutionGuid = {2B944144-548E-4582-8E71-A0EAC07421B2}
	EndGlobalSection
EndGlobal
