
Microsoft Visual Studio Solution File, Format Version 12.00
# Visual Studio Version 17
VisualStudioVersion = 17.12.35521.163 d17.12
MinimumVisualStudioVersion = 10.0.40219.1
Project("{FAE04EC0-301F-11D3-BF4B-00C04F79EFBC}") = "ProyectoDiccionarioKlingon", "ProyectoDiccionarioKlingon\ProyectoDiccionarioKlingon.csproj", "{199B9FDA-9FE4-48C2-9F14-5307CCCA5FC7}"
EndProject
Global
	GlobalSection(SolutionConfigurationPlatforms) = preSolution
		Debug|Any CPU = Debug|Any CPU
		Release|Any CPU = Release|Any CPU
	EndGlobalSection
	GlobalSection(ProjectConfigurationPlatforms) = postSolution
		{199B9FDA-9FE4-48C2-9F14-5307CCCA5FC7}.Debug|Any CPU.ActiveCfg = Debug|Any CPU
		{199B9FDA-9FE4-48C2-9F14-5307CCCA5FC7}.Debug|Any CPU.Build.0 = Debug|Any CPU
		{199B9FDA-9FE4-48C2-9F14-5307CCCA5FC7}.Release|Any CPU.ActiveCfg = Release|Any CPU
		{199B9FDA-9FE4-48C2-9F14-5307CCCA5FC7}.Release|Any CPU.Build.0 = Release|Any CPU
	EndGlobalSection
	GlobalSection(SolutionProperties) = preSolution
		HideSolutionNode = FALSE
	EndGlobalSection
EndGlobal
